
Microsoft Visual Studio Solution File, Format Version 12.00
# Visual Studio Version 16
VisualStudioVersion = 16.0.31702.278
MinimumVisualStudioVersion = 10.0.40219.1
Project("{FAE04EC0-301F-11D3-BF4B-00C04F79EFBC}") = "Clock.Android", "Clock\Clock.Android\Clock.Android.csproj", "{9901F54E-2E57-48DE-B28A-F1FF2E9B674E}"
EndProject
Project("{FAE04EC0-301F-11D3-BF4B-00C04F79EFBC}") = "Clock.iOS", "Clock\Clock.iOS\Clock.iOS.csproj", "{992E281F-796A-441C-A64D-6BB593B245C5}"
EndProject
Project("{FAE04EC0-301F-11D3-BF4B-00C04F79EFBC}") = "Clock", "Clock\Clock\Clock.csproj", "{BBCBD03F-A145-4DC3-B4DE-906B3F1EBD3D}"
EndProject
Global
	GlobalSection(SolutionConfigurationPlatforms) = preSolution
		Debug|Any CPU = Debug|Any CPU
		Debug|iPhone = Debug|iPhone
		Debug|iPhoneSimulator = Debug|iPhoneSimulator
		Release|Any CPU = Release|Any CPU
		Release|iPhone = Release|iPhone
		Release|iPhoneSimulator = Release|iPhoneSimulator
	EndGlobalSection
	GlobalSection(ProjectConfigurationPlatforms) = postSolution
		{9901F54E-2E57-48DE-B28A-F1FF2E9B674E}.Debug|Any CPU.ActiveCfg = Debug|Any CPU
		{9901F54E-2E57-48DE-B28A-F1FF2E9B674E}.Debug|Any CPU.Build.0 = Debug|Any CPU
		{9901F54E-2E57-48DE-B28A-F1FF2E9B674E}.Debug|Any CPU.Deploy.0 = Debug|Any CPU
		{9901F54E-2E57-48DE-B28A-F1FF2E9B674E}.Debug|iPhone.ActiveCfg = Debug|Any CPU
		{9901F54E-2E57-48DE-B28A-F1FF2E9B674E}.Debug|iPhone.Build.0 = Debug|Any CPU
		{9901F54E-2E57-48DE-B28A-F1FF2E9B674E}.Debug|iPhone.Deploy.0 = Debug|Any CPU
		{9901F54E-2E57-48DE-B28A-F1FF2E9B674E}.Debug|iPhoneSimulator.ActiveCfg = Debug|Any CPU
		{9901F54E-2E57-48DE-B28A-F1FF2E9B674E}.Debug|iPhoneSimulator.Build.0 = Debug|Any CPU
		{9901F54E-2E57-48DE-B28A-F1FF2E9B674E}.Debug|iPhoneSimulator.Deploy.0 = Debug|Any CPU
		{9901F54E-2E57-48DE-B28A-F1FF2E9B674E}.Release|Any CPU.ActiveCfg = Release|Any CPU
		{9901F54E-2E57-48DE-B28A-F1FF2E9B674E}.Release|Any CPU.Build.0 = Release|Any CPU
		{9901F54E-2E57-48DE-B28A-F1FF2E9B674E}.Release|Any CPU.Deploy.0 = Release|Any CPU
		{9901F54E-2E57-48DE-B28A-F1FF2E9B674E}.Release|iPhone.ActiveCfg = Release|Any CPU
		{9901F54E-2E57-48DE-B28A-F1FF2E9B674E}.Release|iPhone.Build.0 = Release|Any CPU
		{9901F54E-2E57-48DE-B28A-F1FF2E9B674E}.Release|iPhone.Deploy.0 = Release|Any CPU
		{9901F54E-2E57-48DE-B28A-F1FF2E9B674E}.Release|iPhoneSimulator.ActiveCfg = Release|Any CPU
		{9901F54E-2E57-48DE-B28A-F1FF2E9B674E}.Release|iPhoneSimulator.Build.0 = Release|Any CPU
		{9901F54E-2E57-48DE-B28A-F1FF2E9B674E}.Release|iPhoneSimulator.Deploy.0 = Release|Any CPU
		{992E281F-796A-441C-A64D-6BB593B245C5}.Debug|Any CPU.ActiveCfg = Debug|iPhone
		{992E281F-796A-441C-A64D-6BB593B245C5}.Debug|Any CPU.Build.0 = Debug|iPhone
		{992E281F-796A-441C-A64D-6BB593B245C5}.Debug|Any CPU.Deploy.0 = Debug|iPhone
		{992E281F-796A-441C-A64D-6BB593B245C5}.Debug|iPhone.ActiveCfg = Debug|iPhone
		{992E281F-796A-441C-A64D-6BB593B245C5}.Debug|iPhone.Build.0 = Debug|iPhone
		{992E281F-796A-441C-A64D-6BB593B245C5}.Debug|iPhone.Deploy.0 = Debug|iPhone
		{992E281F-796A-441C-A64D-6BB593B245C5}.Debug|iPhoneSimulator.ActiveCfg = Debug|iPhoneSimulator
		{992E281F-796A-441C-A64D-6BB593B245C5}.Debug|iPhoneSimulator.Build.0 = Debug|iPhoneSimulator
		{992E281F-796A-441C-A64D-6BB593B245C5}.Debug|iPhoneSimulator.Deploy.0 = Debug|iPhoneSimulator
		{992E281F-796A-441C-A64D-6BB593B245C5}.Release|Any CPU.ActiveCfg = Release|iPhoneSimulator
		{992E281F-796A-441C-A64D-6BB593B245C5}.Release|Any CPU.Build.0 = Release|iPhoneSimulator
		{992E281F-796A-441C-A64D-6BB593B245C5}.Release|Any CPU.Deploy.0 = Release|iPhoneSimulator
		{992E281F-796A-441C-A64D-6BB593B245C5}.Release|iPhone.ActiveCfg = Release|iPhone
		{992E281F-796A-441C-A64D-6BB593B245C5}.Release|iPhone.Build.0 = Release|iPhone
		{992E281F-796A-441C-A64D-6BB593B245C5}.Release|iPhone.Deploy.0 = Release|iPhone
		{992E281F-796A-441C-A64D-6BB593B245C5}.Release|iPhoneSimulator.ActiveCfg = Release|iPhoneSimulator
		{992E281F-796A-441C-A64D-6BB593B245C5}.Release|iPhoneSimulator.Build.0 = Release|iPhoneSimulator
		{992E281F-796A-441C-A64D-6BB593B245C5}.Release|iPhoneSimulator.Deploy.0 = Release|iPhoneSimulator
		{BBCBD03F-A145-4DC3-B4DE-906B3F1EBD3D}.Debug|Any CPU.ActiveCfg = Debug|Any CPU
		{BBCBD03F-A145-4DC3-B4DE-906B3F1EBD3D}.Debug|Any CPU.Build.0 = Debug|Any CPU
		{BBCBD03F-A145-4DC3-B4DE-906B3F1EBD3D}.Debug|Any CPU.Deploy.0 = Debug|Any CPU
		{BBCBD03F-A145-4DC3-B4DE-906B3F1EBD3D}.Debug|iPhone.ActiveCfg = Debug|Any CPU
		{BBCBD03F-A145-4DC3-B4DE-906B3F1EBD3D}.Debug|iPhone.Build.0 = Debug|Any CPU
		{BBCBD03F-A145-4DC3-B4DE-906B3F1EBD3D}.Debug|iPhone.Deploy.0 = Debug|Any CPU
		{BBCBD03F-A145-4DC3-B4DE-906B3F1EBD3D}.Debug|iPhoneSimulator.ActiveCfg = Debug|Any CPU
		{BBCBD03F-A145-4DC3-B4DE-906B3F1EBD3D}.Debug|iPhoneSimulator.Build.0 = Debug|Any CPU
		{BBCBD03F-A145-4DC3-B4DE-906B3F1EBD3D}.Debug|iPhoneSimulator.Deploy.0 = Debug|Any CPU
		{BBCBD03F-A145-4DC3-B4DE-906B3F1EBD3D}.Release|Any CPU.ActiveCfg = Release|Any CPU
		{BBCBD03F-A145-4DC3-B4DE-906B3F1EBD3D}.Release|Any CPU.Build.0 = Release|Any CPU
		{BBCBD03F-A145-4DC3-B4DE-906B3F1EBD3D}.Release|Any CPU.Deploy.0 = Release|Any CPU
		{BBCBD03F-A145-4DC3-B4DE-906B3F1EBD3D}.Release|iPhone.ActiveCfg = Release|Any CPU
		{BBCBD03F-A145-4DC3-B4DE-906B3F1EBD3D}.Release|iPhone.Build.0 = Release|Any CPU
		{BBCBD03F-A145-4DC3-B4DE-906B3F1EBD3D}.Release|iPhone.Deploy.0 = Release|Any CPU
		{BBCBD03F-A145-4DC3-B4DE-906B3F1EBD3D}.Release|iPhoneSimulator.ActiveCfg = Release|Any CPU
		{BBCBD03F-A145-4DC3-B4DE-906B3F1EBD3D}.Release|iPhoneSimulator.Build.0 = Release|Any CPU
		{BBCBD03F-A145-4DC3-B4DE-906B3F1EBD3D}.Release|iPhoneSimulator.Deploy.0 = Release|Any CPU
	EndGlobalSection
	GlobalSection(SolutionProperties) = preSolution
		HideSolutionNode = FALSE
	EndGlobalSection
	GlobalSection(ExtensibilityGlobals) = postSolution
		SolutionGuid = {730887C0-BCED-4593-84BD-AD79882C7720}
	EndGlobalSection
EndGlobal
